// !$*UTF8*$!
{
	archiveVersion = 1;
	classes = {
	};
	objectVersion = 46;
	objects = {

/* Begin PBXBuildFile section */
		0C0577D26B4C87E50100AD96 /* Pods_BtnTextTests.framework in Frameworks */ = {isa = PBXBuildFile; fileRef = 107825324F994A5BA2F9AB10 /* Pods_BtnTextTests.framework */; };
		C4C447A41E08FC0400ABA90E /* AppDelegate.swift in Sources */ = {isa = PBXBuildFile; fileRef = C4C447A31E08FC0400ABA90E /* AppDelegate.swift */; };
		C4C447A61E08FC0400ABA90E /* ViewController.swift in Sources */ = {isa = PBXBuildFile; fileRef = C4C447A51E08FC0400ABA90E /* ViewController.swift */; };
		C4C447A91E08FC0400ABA90E /* Main.storyboard in Resources */ = {isa = PBXBuildFile; fileRef = C4C447A71E08FC0400ABA90E /* Main.storyboard */; };
		C4C447AB1E08FC0400ABA90E /* Assets.xcassets in Resources */ = {isa = PBXBuildFile; fileRef = C4C447AA1E08FC0400ABA90E /* Assets.xcassets */; };
		C4C447AE1E08FC0500ABA90E /* LaunchScreen.storyboard in Resources */ = {isa = PBXBuildFile; fileRef = C4C447AC1E08FC0500ABA90E /* LaunchScreen.storyboard */; };
		C4C447B91E08FC0500ABA90E /* BtnTextTests.swift in Sources */ = {isa = PBXBuildFile; fileRef = C4C447B81E08FC0500ABA90E /* BtnTextTests.swift */; };
		C4C447C41E08FC0500ABA90E /* BtnTextUITests.swift in Sources */ = {isa = PBXBuildFile; fileRef = C4C447C31E08FC0500ABA90E /* BtnTextUITests.swift */; };
		C4C447D21E08FD6600ABA90E /* DetailViewController.swift in Sources */ = {isa = PBXBuildFile; fileRef = C4C447D11E08FD6600ABA90E /* DetailViewController.swift */; };
		DA73AAA49826233C6FB1E84D /* Pods_BtnText.framework in Frameworks */ = {isa = PBXBuildFile; fileRef = 29FBC3BA8734F2DB30F0EC3A /* Pods_BtnText.framework */; };
		E00C866E11769AE6DC28597A /* Pods_BtnTextUITests.framework in Frameworks */ = {isa = PBXBuildFile; fileRef = 79C5254D267AB766B4425545 /* Pods_BtnTextUITests.framework */; };
/* End PBXBuildFile section */

/* Begin PBXContainerItemProxy section */
		C4C447B51E08FC0500ABA90E /* PBXContainerItemProxy */ = {
			isa = PBXContainerItemProxy;
			containerPortal = C4C447981E08FC0300ABA90E /* Project object */;
			proxyType = 1;
			remoteGlobalIDString = C4C4479F1E08FC0400ABA90E;
			remoteInfo = BtnText;
		};
		C4C447C01E08FC0500ABA90E /* PBXContainerItemProxy */ = {
			isa = PBXContainerItemProxy;
			containerPortal = C4C447981E08FC0300ABA90E /* Project object */;
			proxyType = 1;
			remoteGlobalIDString = C4C4479F1E08FC0400ABA90E;
			remoteInfo = BtnText;
		};
/* End PBXContainerItemProxy section */

/* Begin PBXFileReference section */
		107825324F994A5BA2F9AB10 /* Pods_BtnTextTests.framework */ = {isa = PBXFileReference; explicitFileType = wrapper.framework; includeInIndex = 0; path = Pods_BtnTextTests.framework; sourceTree = BUILT_PRODUCTS_DIR; };
		29FBC3BA8734F2DB30F0EC3A /* Pods_BtnText.framework */ = {isa = PBXFileReference; explicitFileType = wrapper.framework; includeInIndex = 0; path = Pods_BtnText.framework; sourceTree = BUILT_PRODUCTS_DIR; };
		79C5254D267AB766B4425545 /* Pods_BtnTextUITests.framework */ = {isa = PBXFileReference; explicitFileType = wrapper.framework; includeInIndex = 0; path = Pods_BtnTextUITests.framework; sourceTree = BUILT_PRODUCTS_DIR; };
		89F5591B488315FB4D050E40 /* Pods-BtnTextUITests.release.xcconfig */ = {isa = PBXFileReference; includeInIndex = 1; lastKnownFileType = text.xcconfig; name = "Pods-BtnTextUITests.release.xcconfig"; path = "Pods/Target Support Files/Pods-BtnTextUITests/Pods-BtnTextUITests.release.xcconfig"; sourceTree = "<group>"; };
		B9C63FC0FA9610F2FE07264F /* Pods-BtnText.release.xcconfig */ = {isa = PBXFileReference; includeInIndex = 1; lastKnownFileType = text.xcconfig; name = "Pods-BtnText.release.xcconfig"; path = "Pods/Target Support Files/Pods-BtnText/Pods-BtnText.release.xcconfig"; sourceTree = "<group>"; };
		C4C447A01E08FC0400ABA90E /* BtnText.app */ = {isa = PBXFileReference; explicitFileType = wrapper.application; includeInIndex = 0; path = BtnText.app; sourceTree = BUILT_PRODUCTS_DIR; };
		C4C447A31E08FC0400ABA90E /* AppDelegate.swift */ = {isa = PBXFileReference; lastKnownFileType = sourcecode.swift; path = AppDelegate.swift; sourceTree = "<group>"; };
		C4C447A51E08FC0400ABA90E /* ViewController.swift */ = {isa = PBXFileReference; lastKnownFileType = sourcecode.swift; path = ViewController.swift; sourceTree = "<group>"; };
		C4C447A81E08FC0400ABA90E /* Base */ = {isa = PBXFileReference; lastKnownFileType = file.storyboard; name = Base; path = Base.lproj/Main.storyboard; sourceTree = "<group>"; };
		C4C447AA1E08FC0400ABA90E /* Assets.xcassets */ = {isa = PBXFileReference; lastKnownFileType = folder.assetcatalog; path = Assets.xcassets; sourceTree = "<group>"; };
		C4C447AD1E08FC0500ABA90E /* Base */ = {isa = PBXFileReference; lastKnownFileType = file.storyboard; name = Base; path = Base.lproj/LaunchScreen.storyboard; sourceTree = "<group>"; };
		C4C447AF1E08FC0500ABA90E /* Info.plist */ = {isa = PBXFileReference; lastKnownFileType = text.plist.xml; path = Info.plist; sourceTree = "<group>"; };
		C4C447B41E08FC0500ABA90E /* BtnTextTests.xctest */ = {isa = PBXFileReference; explicitFileType = wrapper.cfbundle; includeInIndex = 0; path = BtnTextTests.xctest; sourceTree = BUILT_PRODUCTS_DIR; };
		C4C447B81E08FC0500ABA90E /* BtnTextTests.swift */ = {isa = PBXFileReference; lastKnownFileType = sourcecode.swift; path = BtnTextTests.swift; sourceTree = "<group>"; };
		C4C447BA1E08FC0500ABA90E /* Info.plist */ = {isa = PBXFileReference; lastKnownFileType = text.plist.xml; path = Info.plist; sourceTree = "<group>"; };
		C4C447BF1E08FC0500ABA90E /* BtnTextUITests.xctest */ = {isa = PBXFileReference; explicitFileType = wrapper.cfbundle; includeInIndex = 0; path = BtnTextUITests.xctest; sourceTree = BUILT_PRODUCTS_DIR; };
		C4C447C31E08FC0500ABA90E /* BtnTextUITests.swift */ = {isa = PBXFileReference; lastKnownFileType = sourcecode.swift; path = BtnTextUITests.swift; sourceTree = "<group>"; };
		C4C447C51E08FC0500ABA90E /* Info.plist */ = {isa = PBXFileReference; lastKnownFileType = text.plist.xml; path = Info.plist; sourceTree = "<group>"; };
		C4C447D11E08FD6600ABA90E /* DetailViewController.swift */ = {isa = PBXFileReference; fileEncoding = 4; lastKnownFileType = sourcecode.swift; path = DetailViewController.swift; sourceTree = "<group>"; };
		D2D4CED17A29D3F932ED1C11 /* Pods-BtnText.debug.xcconfig */ = {isa = PBXFileReference; includeInIndex = 1; lastKnownFileType = text.xcconfig; name = "Pods-BtnText.debug.xcconfig"; path = "Pods/Target Support Files/Pods-BtnText/Pods-BtnText.debug.xcconfig"; sourceTree = "<group>"; };
		E1291FDDC775F06ADBDE14C7 /* Pods-BtnTextUITests.debug.xcconfig */ = {isa = PBXFileReference; includeInIndex = 1; lastKnownFileType = text.xcconfig; name = "Pods-BtnTextUITests.debug.xcconfig"; path = "Pods/Target Support Files/Pods-BtnTextUITests/Pods-BtnTextUITests.debug.xcconfig"; sourceTree = "<group>"; };
		E8D16A61C789AC061DEA230A /* Pods-BtnTextTests.release.xcconfig */ = {isa = PBXFileReference; includeInIndex = 1; lastKnownFileType = text.xcconfig; name = "Pods-BtnTextTests.release.xcconfig"; path = "Pods/Target Support Files/Pods-BtnTextTests/Pods-BtnTextTests.release.xcconfig"; sourceTree = "<group>"; };
		F9570EFDAF27F0A86C3BBA14 /* Pods-BtnTextTests.debug.xcconfig */ = {isa = PBXFileReference; includeInIndex = 1; lastKnownFileType = text.xcconfig; name = "Pods-BtnTextTests.debug.xcconfig"; path = "Pods/Target Support Files/Pods-BtnTextTests/Pods-BtnTextTests.debug.xcconfig"; sourceTree = "<group>"; };
/* End PBXFileReference section */

/* Begin PBXFrameworksBuildPhase section */
		C4C4479D1E08FC0400ABA90E /* Frameworks */ = {
			isa = PBXFrameworksBuildPhase;
			buildActionMask = 2147483647;
			files = (
				DA73AAA49826233C6FB1E84D /* Pods_BtnText.framework in Frameworks */,
			);
			runOnlyForDeploymentPostprocessing = 0;
		};
		C4C447B11E08FC0500ABA90E /* Frameworks */ = {
			isa = PBXFrameworksBuildPhase;
			buildActionMask = 2147483647;
			files = (
				0C0577D26B4C87E50100AD96 /* Pods_BtnTextTests.framework in Frameworks */,
			);
			runOnlyForDeploymentPostprocessing = 0;
		};
		C4C447BC1E08FC0500ABA90E /* Frameworks */ = {
			isa = PBXFrameworksBuildPhase;
			buildActionMask = 2147483647;
			files = (
				E00C866E11769AE6DC28597A /* Pods_BtnTextUITests.framework in Frameworks */,
			);
			runOnlyForDeploymentPostprocessing = 0;
		};
/* End PBXFrameworksBuildPhase section */

/* Begin PBXGroup section */
		B844E7E6408B206F33DCBEFE /* Pods */ = {
			isa = PBXGroup;
			children = (
				D2D4CED17A29D3F932ED1C11 /* Pods-BtnText.debug.xcconfig */,
				B9C63FC0FA9610F2FE07264F /* Pods-BtnText.release.xcconfig */,
				F9570EFDAF27F0A86C3BBA14 /* Pods-BtnTextTests.debug.xcconfig */,
				E8D16A61C789AC061DEA230A /* Pods-BtnTextTests.release.xcconfig */,
				E1291FDDC775F06ADBDE14C7 /* Pods-BtnTextUITests.debug.xcconfig */,
				89F5591B488315FB4D050E40 /* Pods-BtnTextUITests.release.xcconfig */,
			);
			name = Pods;
			sourceTree = "<group>";
		};
		C4C447971E08FC0300ABA90E = {
			isa = PBXGroup;
			children = (
				C4C447A21E08FC0400ABA90E /* BtnText */,
				C4C447B71E08FC0500ABA90E /* BtnTextTests */,
				C4C447C21E08FC0500ABA90E /* BtnTextUITests */,
				C4C447A11E08FC0400ABA90E /* Products */,
				B844E7E6408B206F33DCBEFE /* Pods */,
				E8BCF5AB40B8CEA89335C220 /* Frameworks */,
			);
			sourceTree = "<group>";
		};
		C4C447A11E08FC0400ABA90E /* Products */ = {
			isa = PBXGroup;
			children = (
				C4C447A01E08FC0400ABA90E /* BtnText.app */,
				C4C447B41E08FC0500ABA90E /* BtnTextTests.xctest */,
				C4C447BF1E08FC0500ABA90E /* BtnTextUITests.xctest */,
			);
			name = Products;
			sourceTree = "<group>";
		};
		C4C447A21E08FC0400ABA90E /* BtnText */ = {
			isa = PBXGroup;
			children = (
				C4C447A31E08FC0400ABA90E /* AppDelegate.swift */,
				C4C447A51E08FC0400ABA90E /* ViewController.swift */,
				C4C447D11E08FD6600ABA90E /* DetailViewController.swift */,
				C4C447A71E08FC0400ABA90E /* Main.storyboard */,
				C4C447AA1E08FC0400ABA90E /* Assets.xcassets */,
				C4C447AC1E08FC0500ABA90E /* LaunchScreen.storyboard */,
				C4C447AF1E08FC0500ABA90E /* Info.plist */,
			);
			path = BtnText;
			sourceTree = "<group>";
		};
		C4C447B71E08FC0500ABA90E /* BtnTextTests */ = {
			isa = PBXGroup;
			children = (
				C4C447B81E08FC0500ABA90E /* BtnTextTests.swift */,
				C4C447BA1E08FC0500ABA90E /* Info.plist */,
			);
			path = BtnTextTests;
			sourceTree = "<group>";
		};
		C4C447C21E08FC0500ABA90E /* BtnTextUITests */ = {
			isa = PBXGroup;
			children = (
				C4C447C31E08FC0500ABA90E /* BtnTextUITests.swift */,
				C4C447C51E08FC0500ABA90E /* Info.plist */,
			);
			path = BtnTextUITests;
			sourceTree = "<group>";
		};
		E8BCF5AB40B8CEA89335C220 /* Frameworks */ = {
			isa = PBXGroup;
			children = (
				29FBC3BA8734F2DB30F0EC3A /* Pods_BtnText.framework */,
				107825324F994A5BA2F9AB10 /* Pods_BtnTextTests.framework */,
				79C5254D267AB766B4425545 /* Pods_BtnTextUITests.framework */,
			);
			name = Frameworks;
			sourceTree = "<group>";
		};
/* End PBXGroup section */

/* Begin PBXNativeTarget section */
		C4C4479F1E08FC0400ABA90E /* BtnText */ = {
			isa = PBXNativeTarget;
			buildConfigurationList = C4C447C81E08FC0500ABA90E /* Build configuration list for PBXNativeTarget "BtnText" */;
			buildPhases = (
				F193CCBBE33DB296D17FBB54 /* [CP] Check Pods Manifest.lock */,
				C4C4479C1E08FC0400ABA90E /* Sources */,
				C4C4479D1E08FC0400ABA90E /* Frameworks */,
				C4C4479E1E08FC0400ABA90E /* Resources */,
				460DFAE0AD12FD06B185A97B /* [CP] Embed Pods Frameworks */,
				9A47252D7C83408477B554C1 /* [CP] Copy Pods Resources */,
			);
			buildRules = (
			);
			dependencies = (
			);
			name = BtnText;
			productName = BtnText;
			productReference = C4C447A01E08FC0400ABA90E /* BtnText.app */;
			productType = "com.apple.product-type.application";
		};
		C4C447B31E08FC0500ABA90E /* BtnTextTests */ = {
			isa = PBXNativeTarget;
			buildConfigurationList = C4C447CB1E08FC0500ABA90E /* Build configuration list for PBXNativeTarget "BtnTextTests" */;
			buildPhases = (
				39B6D622C53E0FB6F43033F5 /* [CP] Check Pods Manifest.lock */,
				C4C447B01E08FC0500ABA90E /* Sources */,
				C4C447B11E08FC0500ABA90E /* Frameworks */,
				C4C447B21E08FC0500ABA90E /* Resources */,
				D824A121937DB26319D4EE19 /* [CP] Embed Pods Frameworks */,
				6AE51855FFB5A7EC0204A3E3 /* [CP] Copy Pods Resources */,
			);
			buildRules = (
			);
			dependencies = (
				C4C447B61E08FC0500ABA90E /* PBXTargetDependency */,
			);
			name = BtnTextTests;
			productName = BtnTextTests;
			productReference = C4C447B41E08FC0500ABA90E /* BtnTextTests.xctest */;
			productType = "com.apple.product-type.bundle.unit-test";
		};
		C4C447BE1E08FC0500ABA90E /* BtnTextUITests */ = {
			isa = PBXNativeTarget;
			buildConfigurationList = C4C447CE1E08FC0500ABA90E /* Build configuration list for PBXNativeTarget "BtnTextUITests" */;
			buildPhases = (
				130ABEE4D2347038316B5A96 /* [CP] Check Pods Manifest.lock */,
				C4C447BB1E08FC0500ABA90E /* Sources */,
				C4C447BC1E08FC0500ABA90E /* Frameworks */,
				C4C447BD1E08FC0500ABA90E /* Resources */,
				428A2CD8F36128D4F8A52D35 /* [CP] Embed Pods Frameworks */,
				606B036347EFB05392EBB090 /* [CP] Copy Pods Resources */,
			);
			buildRules = (
			);
			dependencies = (
				C4C447C11E08FC0500ABA90E /* PBXTargetDependency */,
			);
			name = BtnTextUITests;
			productName = BtnTextUITests;
			productReference = C4C447BF1E08FC0500ABA90E /* BtnTextUITests.xctest */;
			productType = "com.apple.product-type.bundle.ui-testing";
		};
/* End PBXNativeTarget section */

/* Begin PBXProject section */
		C4C447981E08FC0300ABA90E /* Project object */ = {
			isa = PBXProject;
			attributes = {
				LastSwiftUpdateCheck = 0820;
				LastUpgradeCheck = 0820;
				ORGANIZATIONNAME = arang;
				TargetAttributes = {
					C4C4479F1E08FC0400ABA90E = {
						CreatedOnToolsVersion = 8.2;
						ProvisioningStyle = Automatic;
					};
					C4C447B31E08FC0500ABA90E = {
						CreatedOnToolsVersion = 8.2;
						ProvisioningStyle = Automatic;
						TestTargetID = C4C4479F1E08FC0400ABA90E;
					};
					C4C447BE1E08FC0500ABA90E = {
						CreatedOnToolsVersion = 8.2;
						ProvisioningStyle = Automatic;
						TestTargetID = C4C4479F1E08FC0400ABA90E;
					};
				};
			};
			buildConfigurationList = C4C4479B1E08FC0400ABA90E /* Build configuration list for PBXProject "BtnText" */;
			compatibilityVersion = "Xcode 3.2";
			developmentRegion = English;
			hasScannedForEncodings = 0;
			knownRegions = (
				en,
				Base,
			);
			mainGroup = C4C447971E08FC0300ABA90E;
			productRefGroup = C4C447A11E08FC0400ABA90E /* Products */;
			projectDirPath = "";
			projectRoot = "";
			targets = (
				C4C4479F1E08FC0400ABA90E /* BtnText */,
				C4C447B31E08FC0500ABA90E /* BtnTextTests */,
				C4C447BE1E08FC0500ABA90E /* BtnTextUITests */,
			);
		};
/* End PBXProject section */

/* Begin PBXResourcesBuildPhase section */
		C4C4479E1E08FC0400ABA90E /* Resources */ = {
			isa = PBXResourcesBuildPhase;
			buildActionMask = 2147483647;
			files = (
				C4C447AE1E08FC0500ABA90E /* LaunchScreen.storyboard in Resources */,
				C4C447AB1E08FC0400ABA90E /* Assets.xcassets in Resources */,
				C4C447A91E08FC0400ABA90E /* Main.storyboard in Resources */,
			);
			runOnlyForDeploymentPostprocessing = 0;
		};
		C4C447B21E08FC0500ABA90E /* Resources */ = {
			isa = PBXResourcesBuildPhase;
			buildActionMask = 2147483647;
			files = (
			);
			runOnlyForDeploymentPostprocessing = 0;
		};
		C4C447BD1E08FC0500ABA90E /* Resources */ = {
			isa = PBXResourcesBuildPhase;
			buildActionMask = 2147483647;
			files = (
			);
			runOnlyForDeploymentPostprocessing = 0;
		};
/* End PBXResourcesBuildPhase section */

/* Begin PBXShellScriptBuildPhase section */
		130ABEE4D2347038316B5A96 /* [CP] Check Pods Manifest.lock */ = {
			isa = PBXShellScriptBuildPhase;
			buildActionMask = 2147483647;
			files = (
			);
			inputPaths = (
			);
			name = "[CP] Check Pods Manifest.lock";
			outputPaths = (
			);
			runOnlyForDeploymentPostprocessing = 0;
			shellPath = /bin/sh;
			shellScript = "diff \"${PODS_ROOT}/../Podfile.lock\" \"${PODS_ROOT}/Manifest.lock\" > /dev/null\nif [ $? != 0 ] ; then\n    # print error to STDERR\n    echo \"error: The sandbox is not in sync with the Podfile.lock. Run 'pod install' or update your CocoaPods installation.\" >&2\n    exit 1\nfi\n";
			showEnvVarsInLog = 0;
		};
		39B6D622C53E0FB6F43033F5 /* [CP] Check Pods Manifest.lock */ = {
			isa = PBXShellScriptBuildPhase;
			buildActionMask = 2147483647;
			files = (
			);
			inputPaths = (
			);
			name = "[CP] Check Pods Manifest.lock";
			outputPaths = (
			);
			runOnlyForDeploymentPostprocessing = 0;
			shellPath = /bin/sh;
			shellScript = "diff \"${PODS_ROOT}/../Podfile.lock\" \"${PODS_ROOT}/Manifest.lock\" > /dev/null\nif [ $? != 0 ] ; then\n    # print error to STDERR\n    echo \"error: The sandbox is not in sync with the Podfile.lock. Run 'pod install' or update your CocoaPods installation.\" >&2\n    exit 1\nfi\n";
			showEnvVarsInLog = 0;
		};
		428A2CD8F36128D4F8A52D35 /* [CP] Embed Pods Frameworks */ = {
			isa = PBXShellScriptBuildPhase;
			buildActionMask = 2147483647;
			files = (
			);
			inputPaths = (
			);
			name = "[CP] Embed Pods Frameworks";
			outputPaths = (
			);
			runOnlyForDeploymentPostprocessing = 0;
			shellPath = /bin/sh;
			shellScript = "\"${SRCROOT}/Pods/Target Support Files/Pods-BtnTextUITests/Pods-BtnTextUITests-frameworks.sh\"\n";
			showEnvVarsInLog = 0;
		};
		460DFAE0AD12FD06B185A97B /* [CP] Embed Pods Frameworks */ = {
			isa = PBXShellScriptBuildPhase;
			buildActionMask = 2147483647;
			files = (
			);
			inputPaths = (
			);
			name = "[CP] Embed Pods Frameworks";
			outputPaths = (
			);
			runOnlyForDeploymentPostprocessing = 0;
			shellPath = /bin/sh;
			shellScript = "\"${SRCROOT}/Pods/Target Support Files/Pods-BtnText/Pods-BtnText-frameworks.sh\"\n";
			showEnvVarsInLog = 0;
		};
		606B036347EFB05392EBB090 /* [CP] Copy Pods Resources */ = {
			isa = PBXShellScriptBuildPhase;
			buildActionMask = 2147483647;
			files = (
			);
			inputPaths = (
			);
			name = "[CP] Copy Pods Resources";
			outputPaths = (
			);
			runOnlyForDeploymentPostprocessing = 0;
			shellPath = /bin/sh;
			shellScript = "\"${SRCROOT}/Pods/Target Support Files/Pods-BtnTextUITests/Pods-BtnTextUITests-resources.sh\"\n";
			showEnvVarsInLog = 0;
		};
		6AE51855FFB5A7EC0204A3E3 /* [CP] Copy Pods Resources */ = {
			isa = PBXShellScriptBuildPhase;
			buildActionMask = 2147483647;
			files = (
			);
			inputPaths = (
			);
			name = "[CP] Copy Pods Resources";
			outputPaths = (
			);
			runOnlyForDeploymentPostprocessing = 0;
			shellPath = /bin/sh;
			shellScript = "\"${SRCROOT}/Pods/Target Support Files/Pods-BtnTextTests/Pods-BtnTextTests-resources.sh\"\n";
			showEnvVarsInLog = 0;
		};
		9A47252D7C83408477B554C1 /* [CP] Copy Pods Resources */ = {
			isa = PBXShellScriptBuildPhase;
			buildActionMask = 2147483647;
			files = (
			);
			inputPaths = (
			);
			name = "[CP] Copy Pods Resources";
			outputPaths = (
			);
			runOnlyForDeploymentPostprocessing = 0;
			shellPath = /bin/sh;
			shellScript = "\"${SRCROOT}/Pods/Target Support Files/Pods-BtnText/Pods-BtnText-resources.sh\"\n";
			showEnvVarsInLog = 0;
		};
		D824A121937DB26319D4EE19 /* [CP] Embed Pods Frameworks */ = {
			isa = PBXShellScriptBuildPhase;
			buildActionMask = 2147483647;
			files = (
			);
			inputPaths = (
			);
			name = "[CP] Embed Pods Frameworks";
			outputPaths = (
			);
			runOnlyForDeploymentPostprocessing = 0;
			shellPath = /bin/sh;
			shellScript = "\"${SRCROOT}/Pods/Target Support Files/Pods-BtnTextTests/Pods-BtnTextTests-frameworks.sh\"\n";
			showEnvVarsInLog = 0;
		};
		F193CCBBE33DB296D17FBB54 /* [CP] Check Pods Manifest.lock */ = {
			isa = PBXShellScriptBuildPhase;
			buildActionMask = 2147483647;
			files = (
			);
			inputPaths = (
			);
			name = "[CP] Check Pods Manifest.lock";
			outputPaths = (
			);
			runOnlyForDeploymentPostprocessing = 0;
			shellPath = /bin/sh;
			shellScript = "diff \"${PODS_ROOT}/../Podfile.lock\" \"${PODS_ROOT}/Manifest.lock\" > /dev/null\nif [ $? != 0 ] ; then\n    # print error to STDERR\n    echo \"error: The sandbox is not in sync with the Podfile.lock. Run 'pod install' or update your CocoaPods installation.\" >&2\n    exit 1\nfi\n";
			showEnvVarsInLog = 0;
		};
/* End PBXShellScriptBuildPhase section */

/* Begin PBXSourcesBuildPhase section */
		C4C4479C1E08FC0400ABA90E /* Sources */ = {
			isa = PBXSourcesBuildPhase;
			buildActionMask = 2147483647;
			files = (
				C4C447D21E08FD6600ABA90E /* DetailViewController.swift in Sources */,
				C4C447A61E08FC0400ABA90E /* ViewController.swift in Sources */,
				C4C447A41E08FC0400ABA90E /* AppDelegate.swift in Sources */,
			);
			runOnlyForDeploymentPostprocessing = 0;
		};
		C4C447B01E08FC0500ABA90E /* Sources */ = {
			isa = PBXSourcesBuildPhase;
			buildActionMask = 2147483647;
			files = (
				C4C447B91E08FC0500ABA90E /* BtnTextTests.swift in Sources */,
			);
			runOnlyForDeploymentPostprocessing = 0;
		};
		C4C447BB1E08FC0500ABA90E /* Sources */ = {
			isa = PBXSourcesBuildPhase;
			buildActionMask = 2147483647;
			files = (
				C4C447C41E08FC0500ABA90E /* BtnTextUITests.swift in Sources */,
			);
			runOnlyForDeploymentPostprocessing = 0;
		};
/* End PBXSourcesBuildPhase section */

/* Begin PBXTargetDependency section */
		C4C447B61E08FC0500ABA90E /* PBXTargetDependency */ = {
			isa = PBXTargetDependency;
			target = C4C4479F1E08FC0400ABA90E /* BtnText */;
			targetProxy = C4C447B51E08FC0500ABA90E /* PBXContainerItemProxy */;
		};
		C4C447C11E08FC0500ABA90E /* PBXTargetDependency */ = {
			isa = PBXTargetDependency;
			target = C4C4479F1E08FC0400ABA90E /* BtnText */;
			targetProxy = C4C447C01E08FC0500ABA90E /* PBXContainerItemProxy */;
		};
/* End PBXTargetDependency section */

/* Begin PBXVariantGroup section */
		C4C447A71E08FC0400ABA90E /* Main.storyboard */ = {
			isa = PBXVariantGroup;
			children = (
				C4C447A81E08FC0400ABA90E /* Base */,
			);
			name = Main.storyboard;
			sourceTree = "<group>";
		};
		C4C447AC1E08FC0500ABA90E /* LaunchScreen.storyboard */ = {
			isa = PBXVariantGroup;
			children = (
				C4C447AD1E08FC0500ABA90E /* Base */,
			);
			name = LaunchScreen.storyboard;
			sourceTree = "<group>";
		};
/* End PBXVariantGroup section */

/* Begin XCBuildConfiguration section */
		C4C447C61E08FC0500ABA90E /* Debug */ = {
			isa = XCBuildConfiguration;
			buildSettings = {
				ALWAYS_SEARCH_USER_PATHS = NO;
				CLANG_ANALYZER_NONNULL = YES;
				CLANG_CXX_LANGUAGE_STANDARD = "gnu++0x";
				CLANG_CXX_LIBRARY = "libc++";
				CLANG_ENABLE_MODULES = YES;
				CLANG_ENABLE_OBJC_ARC = YES;
				CLANG_WARN_BOOL_CONVERSION = YES;
				CLANG_WARN_CONSTANT_CONVERSION = YES;
				CLANG_WARN_DIRECT_OBJC_ISA_USAGE = YES_ERROR;
				CLANG_WARN_DOCUMENTATION_COMMENTS = YES;
				CLANG_WARN_EMPTY_BODY = YES;
				CLANG_WARN_ENUM_CONVERSION = YES;
				CLANG_WARN_INFINITE_RECURSION = YES;
				CLANG_WARN_INT_CONVERSION = YES;
				CLANG_WARN_OBJC_ROOT_CLASS = YES_ERROR;
				CLANG_WARN_SUSPICIOUS_MOVE = YES;
				CLANG_WARN_UNREACHABLE_CODE = YES;
				CLANG_WARN__DUPLICATE_METHOD_MATCH = YES;
				"CODE_SIGN_IDENTITY[sdk=iphoneos*]" = "iPhone Developer";
				COPY_PHASE_STRIP = NO;
				DEBUG_INFORMATION_FORMAT = dwarf;
				ENABLE_STRICT_OBJC_MSGSEND = YES;
				ENABLE_TESTABILITY = YES;
				GCC_C_LANGUAGE_STANDARD = gnu99;
				GCC_DYNAMIC_NO_PIC = NO;
				GCC_NO_COMMON_BLOCKS = YES;
				GCC_OPTIMIZATION_LEVEL = 0;
				GCC_PREPROCESSOR_DEFINITIONS = (
					"DEBUG=1",
					"$(inherited)",
				);
				GCC_WARN_64_TO_32_BIT_CONVERSION = YES;
				GCC_WARN_ABOUT_RETURN_TYPE = YES_ERROR;
				GCC_WARN_UNDECLARED_SELECTOR = YES;
				GCC_WARN_UNINITIALIZED_AUTOS = YES_AGGRESSIVE;
				GCC_WARN_UNUSED_FUNCTION = YES;
				GCC_WARN_UNUSED_VARIABLE = YES;
				IPHONEOS_DEPLOYMENT_TARGET = 10.2;
				MTL_ENABLE_DEBUG_INFO = YES;
				ONLY_ACTIVE_ARCH = YES;
				SDKROOT = iphoneos;
				SWIFT_ACTIVE_COMPILATION_CONDITIONS = DEBUG;
				SWIFT_OPTIMIZATION_LEVEL = "-Onone";
			};
			name = Debug;
		};
		C4C447C71E08FC0500ABA90E /* Release */ = {
			isa = XCBuildConfiguration;
			buildSettings = {
				ALWAYS_SEARCH_USER_PATHS = NO;
				CLANG_ANALYZER_NONNULL = YES;
				CLANG_CXX_LANGUAGE_STANDARD = "gnu++0x";
				CLANG_CXX_LIBRARY = "libc++";
				CLANG_ENABLE_MODULES = YES;
				CLANG_ENABLE_OBJC_ARC = YES;
				CLANG_WARN_BOOL_CONVERSION = YES;
				CLANG_WARN_CONSTANT_CONVERSION = YES;
				CLANG_WARN_DIRECT_OBJC_ISA_USAGE = YES_ERROR;
				CLANG_WARN_DOCUMENTATION_COMMENTS = YES;
				CLANG_WARN_EMPTY_BODY = YES;
				CLANG_WARN_ENUM_CONVERSION = YES;
				CLANG_WARN_INFINITE_RECURSION = YES;
				CLANG_WARN_INT_CONVERSION = YES;
				CLANG_WARN_OBJC_ROOT_CLASS = YES_ERROR;
				CLANG_WARN_SUSPICIOUS_MOVE = YES;
				CLANG_WARN_UNREACHABLE_CODE = YES;
				CLANG_WARN__DUPLICATE_METHOD_MATCH = YES;
				"CODE_SIGN_IDENTITY[sdk=iphoneos*]" = "iPhone Developer";
				COPY_PHASE_STRIP = NO;
				DEBUG_INFORMATION_FORMAT = "dwarf-with-dsym";
				ENABLE_NS_ASSERTIONS = NO;
				ENABLE_STRICT_OBJC_MSGSEND = YES;
				GCC_C_LANGUAGE_STANDARD = gnu99;
				GCC_NO_COMMON_BLOCKS = YES;
				GCC_WARN_64_TO_32_BIT_CONVERSION = YES;
				GCC_WARN_ABOUT_RETURN_TYPE = YES_ERROR;
				GCC_WARN_UNDECLARED_SELECTOR = YES;
				GCC_WARN_UNINITIALIZED_AUTOS = YES_AGGRESSIVE;
				GCC_WARN_UNUSED_FUNCTION = YES;
				GCC_WARN_UNUSED_VARIABLE = YES;
				IPHONEOS_DEPLOYMENT_TARGET = 10.2;
				MTL_ENABLE_DEBUG_INFO = NO;
				SDKROOT = iphoneos;
				SWIFT_OPTIMIZATION_LEVEL = "-Owholemodule";
				VALIDATE_PRODUCT = YES;
			};
			name = Release;
		};
		C4C447C91E08FC0500ABA90E /* Debug */ = {
			isa = XCBuildConfiguration;
			baseConfigurationReference = D2D4CED17A29D3F932ED1C11 /* Pods-BtnText.debug.xcconfig */;
			buildSettings = {
				ASSETCATALOG_COMPILER_APPICON_NAME = AppIcon;
				INFOPLIST_FILE = BtnText/Info.plist;
				LD_RUNPATH_SEARCH_PATHS = "$(inherited) @executable_path/Frameworks";
				PRODUCT_BUNDLE_IDENTIFIER = lianxi.BtnText;
				PRODUCT_NAME = "$(TARGET_NAME)";
				SWIFT_VERSION = 3.0;
			};
			name = Debug;
		};
		C4C447CA1E08FC0500ABA90E /* Release */ = {
			isa = XCBuildConfiguration;
			baseConfigurationReference = B9C63FC0FA9610F2FE07264F /* Pods-BtnText.release.xcconfig */;
			buildSettings = {
				ASSETCATALOG_COMPILER_APPICON_NAME = AppIcon;
				INFOPLIST_FILE = BtnText/Info.plist;
				LD_RUNPATH_SEARCH_PATHS = "$(inherited) @executable_path/Frameworks";
				PRODUCT_BUNDLE_IDENTIFIER = lianxi.BtnText;
				PRODUCT_NAME = "$(TARGET_NAME)";
				SWIFT_VERSION = 3.0;
			};
			name = Release;
		};
		C4C447CC1E08FC0500ABA90E /* Debug */ = {
			isa = XCBuildConfiguration;
			baseConfigurationReference = F9570EFDAF27F0A86C3BBA14 /* Pods-BtnTextTests.debug.xcconfig */;
			buildSettings = {
				ALWAYS_EMBED_SWIFT_STANDARD_LIBRARIES = YES;
				BUNDLE_LOADER = "$(TEST_HOST)";
				INFOPLIST_FILE = BtnTextTests/Info.plist;
				LD_RUNPATH_SEARCH_PATHS = "$(inherited) @executable_path/Frameworks @loader_path/Frameworks";
				PRODUCT_BUNDLE_IDENTIFIER = lianxi.BtnTextTests;
				PRODUCT_NAME = "$(TARGET_NAME)";
				SWIFT_VERSION = 3.0;
				TEST_HOST = "$(BUILT_PRODUCTS_DIR)/BtnText.app/BtnText";
			};
			name = Debug;
		};
		C4C447CD1E08FC0500ABA90E /* Release */ = {
			isa = XCBuildConfiguration;
			baseConfigurationReference = E8D16A61C789AC061DEA230A /* Pods-BtnTextTests.release.xcconfig */;
			buildSettings = {
				ALWAYS_EMBED_SWIFT_STANDARD_LIBRARIES = YES;
				BUNDLE_LOADER = "$(TEST_HOST)";
				INFOPLIST_FILE = BtnTextTests/Info.plist;
				LD_RUNPATH_SEARCH_PATHS = "$(inherited) @executable_path/Frameworks @loader_path/Frameworks";
				PRODUCT_BUNDLE_IDENTIFIER = lianxi.BtnTextTests;
				PRODUCT_NAME = "$(TARGET_NAME)";
				SWIFT_VERSION = 3.0;
				TEST_HOST = "$(BUILT_PRODUCTS_DIR)/BtnText.app/BtnText";
			};
			name = Release;
		};
		C4C447CF1E08FC0500ABA90E /* Debug */ = {
			isa = XCBuildConfiguration;
			baseConfigurationReference = E1291FDDC775F06ADBDE14C7 /* Pods-BtnTextUITests.debug.xcconfig */;
			buildSettings = {
				ALWAYS_EMBED_SWIFT_STANDARD_LIBRARIES = YES;
				INFOPLIST_FILE = BtnTextUITests/Info.plist;
				LD_RUNPATH_SEARCH_PATHS = "$(inherited) @executable_path/Frameworks @loader_path/Frameworks";
				PRODUCT_BUNDLE_IDENTIFIER = lianxi.BtnTextUITests;
				PRODUCT_NAME = "$(TARGET_NAME)";
				SWIFT_VERSION = 3.0;
				TEST_TARGET_NAME = BtnText;
			};
			name = Debug;
		};
		C4C447D01E08FC0500ABA90E /* Release */ = {
			isa = XCBuildConfiguration;
			baseConfigurationReference = 89F5591B488315FB4D050E40 /* Pods-BtnTextUITests.release.xcconfig */;
			buildSettings = {
				ALWAYS_EMBED_SWIFT_STANDARD_LIBRARIES = YES;
				INFOPLIST_FILE = BtnTextUITests/Info.plist;
				LD_RUNPATH_SEARCH_PATHS = "$(inherited) @executable_path/Frameworks @loader_path/Frameworks";
				PRODUCT_BUNDLE_IDENTIFIER = lianxi.BtnTextUITests;
				PRODUCT_NAME = "$(TARGET_NAME)";
				SWIFT_VERSION = 3.0;
				TEST_TARGET_NAME = BtnText;
			};
			name = Release;
		};
/* End XCBuildConfiguration section */

/* Begin XCConfigurationList section */
		C4C4479B1E08FC0400ABA90E /* Build configuration list for PBXProject "BtnText" */ = {
			isa = XCConfigurationList;
			buildConfigurations = (
				C4C447C61E08FC0500ABA90E /* Debug */,
				C4C447C71E08FC0500ABA90E /* Release */,
			);
			defaultConfigurationIsVisible = 0;
			defaultConfigurationName = Release;
		};
		C4C447C81E08FC0500ABA90E /* Build configuration list for PBXNativeTarget "BtnText" */ = {
			isa = XCConfigurationList;
			buildConfigurations = (
				C4C447C91E08FC0500ABA90E /* Debug */,
				C4C447CA1E08FC0500ABA90E /* Release */,
			);
			defaultConfigurationIsVisible = 0;
		};
		C4C447CB1E08FC0500ABA90E /* Build configuration list for PBXNativeTarget "BtnTextTests" */ = {
			isa = XCConfigurationList;
			buildConfigurations = (
				C4C447CC1E08FC0500ABA90E /* Debug */,
				C4C447CD1E08FC0500ABA90E /* Release */,
			);
			defaultConfigurationIsVisible = 0;
		};
		C4C447CE1E08FC0500ABA90E /* Build configuration list for PBXNativeTarget "BtnTextUITests" */ = {
			isa = XCConfigurationList;
			buildConfigurations = (
				C4C447CF1E08FC0500ABA90E /* Debug */,
				C4C447D01E08FC0500ABA90E /* Release */,
			);
			defaultConfigurationIsVisible = 0;
		};
/* End XCConfigurationList section */
	};
	rootObject = C4C447981E08FC0300ABA90E /* Project object */;
}
